
Microsoft Visual Studio Solution File, Format Version 12.00
# Visual Studio Version 17
VisualStudioVersion = 17.5.33516.290
MinimumVisualStudioVersion = 10.0.40219.1
Project("{9A19103F-16F7-4668-BE54-9A1E7A4F7556}") = "MonkeyLoader", "MonkeyLoader\MonkeyLoader.csproj", "{74A818DD-B787-4309-B2F9-EA19685206A4}"
EndProject
Project("{9A19103F-16F7-4668-BE54-9A1E7A4F7556}") = "MonkeyLoader.ConsoleTest", "MonkeyLoader.ConsoleTest\MonkeyLoader.ConsoleTest.csproj", "{15303CB3-F51F-433F-B167-2E85F3A84045}"
EndProject
Project("{9A19103F-16F7-4668-BE54-9A1E7A4F7556}") = "MonkeyLoader.CodeGenerators", "MonkeyLoader.CodeGenerators\MonkeyLoader.CodeGenerators.csproj", "{863BC416-73D8-489B-BA54-0C5BF1938609}"
EndProject
Project("{FAE04EC0-301F-11D3-BF4B-00C04F79EFBC}") = "MonkeyLoader.Resonite.Data", "MonkeyLoader.Resonite.Data\MonkeyLoader.Resonite.Data.csproj", "{0B2654DA-F027-4B3A-9C96-9ACEFB3B27E0}"
EndProject
Project("{FAE04EC0-301F-11D3-BF4B-00C04F79EFBC}") = "MonkeyLoader.Resonite.Integration", "MonkeyLoader.Resonite.Integration\MonkeyLoader.Resonite.Integration.csproj", "{40835522-1978-431B-A395-0870583B80F5}"
EndProject
Global
	GlobalSection(SolutionConfigurationPlatforms) = preSolution
		Debug|Any CPU = Debug|Any CPU
		Release|Any CPU = Release|Any CPU
	EndGlobalSection
	GlobalSection(ProjectConfigurationPlatforms) = postSolution
		{74A818DD-B787-4309-B2F9-EA19685206A4}.Debug|Any CPU.ActiveCfg = Debug|Any CPU
		{74A818DD-B787-4309-B2F9-EA19685206A4}.Debug|Any CPU.Build.0 = Debug|Any CPU
		{74A818DD-B787-4309-B2F9-EA19685206A4}.Release|Any CPU.ActiveCfg = Release|Any CPU
		{74A818DD-B787-4309-B2F9-EA19685206A4}.Release|Any CPU.Build.0 = Release|Any CPU
		{15303CB3-F51F-433F-B167-2E85F3A84045}.Debug|Any CPU.ActiveCfg = Debug|Any CPU
		{15303CB3-F51F-433F-B167-2E85F3A84045}.Debug|Any CPU.Build.0 = Debug|Any CPU
		{15303CB3-F51F-433F-B167-2E85F3A84045}.Release|Any CPU.ActiveCfg = Release|Any CPU
		{15303CB3-F51F-433F-B167-2E85F3A84045}.Release|Any CPU.Build.0 = Release|Any CPU
		{863BC416-73D8-489B-BA54-0C5BF1938609}.Debug|Any CPU.ActiveCfg = Debug|Any CPU
		{863BC416-73D8-489B-BA54-0C5BF1938609}.Debug|Any CPU.Build.0 = Debug|Any CPU
		{863BC416-73D8-489B-BA54-0C5BF1938609}.Release|Any CPU.ActiveCfg = Release|Any CPU
		{863BC416-73D8-489B-BA54-0C5BF1938609}.Release|Any CPU.Build.0 = Release|Any CPU
		{0B2654DA-F027-4B3A-9C96-9ACEFB3B27E0}.Debug|Any CPU.ActiveCfg = Debug|Any CPU
		{0B2654DA-F027-4B3A-9C96-9ACEFB3B27E0}.Debug|Any CPU.Build.0 = Debug|Any CPU
		{0B2654DA-F027-4B3A-9C96-9ACEFB3B27E0}.Release|Any CPU.ActiveCfg = Release|Any CPU
		{0B2654DA-F027-4B3A-9C96-9ACEFB3B27E0}.Release|Any CPU.Build.0 = Release|Any CPU
		{40835522-1978-431B-A395-0870583B80F5}.Debug|Any CPU.ActiveCfg = Debug|Any CPU
		{40835522-1978-431B-A395-0870583B80F5}.Debug|Any CPU.Build.0 = Debug|Any CPU
		{40835522-1978-431B-A395-0870583B80F5}.Release|Any CPU.ActiveCfg = Release|Any CPU
		{40835522-1978-431B-A395-0870583B80F5}.Release|Any CPU.Build.0 = Release|Any CPU
	EndGlobalSection
	GlobalSection(SolutionProperties) = preSolution
		HideSolutionNode = FALSE
	EndGlobalSection
	GlobalSection(ExtensibilityGlobals) = postSolution
		SolutionGuid = {7D505B2E-FBA2-4F50-BC1C-838BC8DF0D5C}
	EndGlobalSection
EndGlobal
